
Microsoft Visual Studio Solution File, Format Version 12.00
# Visual Studio Version 16
VisualStudioVersion = 16.0.29926.136
MinimumVisualStudioVersion = 10.0.40219.1
Project("{2150E333-8FDC-42A3-9474-1A3956D46DE8}") = "Items", "Items", "{4453BB84-5967-42C7-BE91-5BF8E38AE229}"
	ProjectSection(SolutionItems) = preProject
		readme.md = readme.md
	EndProjectSection
EndProject
Project("{9A19103F-16F7-4668-BE54-9A1E7A4F7556}") = "SC", "SC\SC.csproj", "{3C7661B7-8125-43CE-970D-5ACDB3186F6D}"
EndProject
Project("{8BC9CEB8-8B4A-11D0-8D11-00A0C91BC942}") = "SC.Game", "SC.Game\SC.Game.vcxproj", "{4AE6404B-C13A-47EB-B975-B665B0B6969E}"
EndProject
Project("{9A19103F-16F7-4668-BE54-9A1E7A4F7556}") = "THHourai", "THHourai\THHourai.csproj", "{BFD0FBC3-4EA7-424B-BE06-9A4ECFC16D87}"
EndProject
Project("{2150E333-8FDC-42A3-9474-1A3956D46DE8}") = "ExternalLib", "ExternalLib", "{734F5E8D-93A6-4240-A2D9-8CCF958468EE}"
EndProject
Project("{2150E333-8FDC-42A3-9474-1A3956D46DE8}") = "x64", "x64", "{3BB28B82-6F2E-4F16-BA13-00CF0C4749DE}"
EndProject
Project("{2150E333-8FDC-42A3-9474-1A3956D46DE8}") = "Debug", "Debug", "{E621EFB4-579C-4FB6-A40D-67F22E1A9756}"
	ProjectSection(SolutionItems) = preProject
		ExternalLib\x64\Debug\assimp.dll = ExternalLib\x64\Debug\assimp.dll
		ExternalLib\x64\Debug\assimp.lib = ExternalLib\x64\Debug\assimp.lib
		ExternalLib\x64\Debug\LowLevel_static.lib = ExternalLib\x64\Debug\LowLevel_static.lib
		ExternalLib\x64\Debug\LowLevelAABB_static.lib = ExternalLib\x64\Debug\LowLevelAABB_static.lib
		ExternalLib\x64\Debug\LowLevelDynamics_static.lib = ExternalLib\x64\Debug\LowLevelDynamics_static.lib
		ExternalLib\x64\Debug\PhysX.lib = ExternalLib\x64\Debug\PhysX.lib
		ExternalLib\x64\Debug\PhysXCharacterKinematic_static.lib = ExternalLib\x64\Debug\PhysXCharacterKinematic_static.lib
		ExternalLib\x64\Debug\PhysXCommon.lib = ExternalLib\x64\Debug\PhysXCommon.lib
		ExternalLib\x64\Debug\PhysXCooking.lib = ExternalLib\x64\Debug\PhysXCooking.lib
		ExternalLib\x64\Debug\PhysXExtensions_static.lib = ExternalLib\x64\Debug\PhysXExtensions_static.lib
		ExternalLib\x64\Debug\PhysXFoundation.lib = ExternalLib\x64\Debug\PhysXFoundation.lib
		ExternalLib\x64\Debug\PhysXPvdSDK_static.lib = ExternalLib\x64\Debug\PhysXPvdSDK_static.lib
		ExternalLib\x64\Debug\PhysXTask_static.lib = ExternalLib\x64\Debug\PhysXTask_static.lib
		ExternalLib\x64\Debug\PhysXVehicle_static.lib = ExternalLib\x64\Debug\PhysXVehicle_static.lib
		ExternalLib\x64\Debug\SceneQuery_static.lib = ExternalLib\x64\Debug\SceneQuery_static.lib
		ExternalLib\x64\Debug\SimulationController_static.lib = ExternalLib\x64\Debug\SimulationController_static.lib
	EndProjectSection
EndProject
Project("{2150E333-8FDC-42A3-9474-1A3956D46DE8}") = "Release", "Release", "{CC7BF3E8-C0E0-4265-8332-B294F8AB6B55}"
	ProjectSection(SolutionItems) = preProject
		ExternalLib\x64\Release\assimp.dll = ExternalLib\x64\Release\assimp.dll
		ExternalLib\x64\Release\assimp.lib = ExternalLib\x64\Release\assimp.lib
		ExternalLib\x64\Release\LowLevel_static.lib = ExternalLib\x64\Release\LowLevel_static.lib
		ExternalLib\x64\Release\LowLevelAABB_static.lib = ExternalLib\x64\Release\LowLevelAABB_static.lib
		ExternalLib\x64\Release\LowLevelDynamics_static.lib = ExternalLib\x64\Release\LowLevelDynamics_static.lib
		ExternalLib\x64\Release\PhysX.lib = ExternalLib\x64\Release\PhysX.lib
		ExternalLib\x64\Release\PhysXCharacterKinematic_static.lib = ExternalLib\x64\Release\PhysXCharacterKinematic_static.lib
		ExternalLib\x64\Release\PhysXCommon.lib = ExternalLib\x64\Release\PhysXCommon.lib
		ExternalLib\x64\Release\PhysXCooking.lib = ExternalLib\x64\Release\PhysXCooking.lib
		ExternalLib\x64\Release\PhysXExtensions_static.lib = ExternalLib\x64\Release\PhysXExtensions_static.lib
		ExternalLib\x64\Release\PhysXFoundation.lib = ExternalLib\x64\Release\PhysXFoundation.lib
		ExternalLib\x64\Release\PhysXPvdSDK_static.lib = ExternalLib\x64\Release\PhysXPvdSDK_static.lib
		ExternalLib\x64\Release\PhysXTask_static.lib = ExternalLib\x64\Release\PhysXTask_static.lib
		ExternalLib\x64\Release\PhysXVehicle_static.lib = ExternalLib\x64\Release\PhysXVehicle_static.lib
		ExternalLib\x64\Release\SceneQuery_static.lib = ExternalLib\x64\Release\SceneQuery_static.lib
		ExternalLib\x64\Release\SimulationController_static.lib = ExternalLib\x64\Release\SimulationController_static.lib
	EndProjectSection
EndProject
Project("{FAE04EC0-301F-11D3-BF4B-00C04F79EFBC}") = "PathFinder", "PathFinder\PathFinder.csproj", "{44EA1785-333B-42FD-9960-867EACE5AF09}"
EndProject
Global
	GlobalSection(SolutionConfigurationPlatforms) = preSolution
		Debug|Any CPU = Debug|Any CPU
		Debug|x64 = Debug|x64
		Debug|x86 = Debug|x86
		Release|Any CPU = Release|Any CPU
		Release|x64 = Release|x64
		Release|x86 = Release|x86
	EndGlobalSection
	GlobalSection(ProjectConfigurationPlatforms) = postSolution
		{3C7661B7-8125-43CE-970D-5ACDB3186F6D}.Debug|Any CPU.ActiveCfg = Debug|Any CPU
		{3C7661B7-8125-43CE-970D-5ACDB3186F6D}.Debug|Any CPU.Build.0 = Debug|Any CPU
		{3C7661B7-8125-43CE-970D-5ACDB3186F6D}.Debug|x64.ActiveCfg = Debug|Any CPU
		{3C7661B7-8125-43CE-970D-5ACDB3186F6D}.Debug|x64.Build.0 = Debug|Any CPU
		{3C7661B7-8125-43CE-970D-5ACDB3186F6D}.Debug|x86.ActiveCfg = Debug|Any CPU
		{3C7661B7-8125-43CE-970D-5ACDB3186F6D}.Debug|x86.Build.0 = Debug|Any CPU
		{3C7661B7-8125-43CE-970D-5ACDB3186F6D}.Release|Any CPU.ActiveCfg = Release|Any CPU
		{3C7661B7-8125-43CE-970D-5ACDB3186F6D}.Release|Any CPU.Build.0 = Release|Any CPU
		{3C7661B7-8125-43CE-970D-5ACDB3186F6D}.Release|x64.ActiveCfg = Release|Any CPU
		{3C7661B7-8125-43CE-970D-5ACDB3186F6D}.Release|x64.Build.0 = Release|Any CPU
		{3C7661B7-8125-43CE-970D-5ACDB3186F6D}.Release|x86.ActiveCfg = Release|Any CPU
		{3C7661B7-8125-43CE-970D-5ACDB3186F6D}.Release|x86.Build.0 = Release|Any CPU
		{4AE6404B-C13A-47EB-B975-B665B0B6969E}.Debug|Any CPU.ActiveCfg = Debug|Win32
		{4AE6404B-C13A-47EB-B975-B665B0B6969E}.Debug|x64.ActiveCfg = Debug|x64
		{4AE6404B-C13A-47EB-B975-B665B0B6969E}.Debug|x64.Build.0 = Debug|x64
		{4AE6404B-C13A-47EB-B975-B665B0B6969E}.Debug|x86.ActiveCfg = Debug|Win32
		{4AE6404B-C13A-47EB-B975-B665B0B6969E}.Debug|x86.Build.0 = Debug|Win32
		{4AE6404B-C13A-47EB-B975-B665B0B6969E}.Release|Any CPU.ActiveCfg = Release|Win32
		{4AE6404B-C13A-47EB-B975-B665B0B6969E}.Release|x64.ActiveCfg = Release|x64
		{4AE6404B-C13A-47EB-B975-B665B0B6969E}.Release|x64.Build.0 = Release|x64
		{4AE6404B-C13A-47EB-B975-B665B0B6969E}.Release|x86.ActiveCfg = Release|Win32
		{4AE6404B-C13A-47EB-B975-B665B0B6969E}.Release|x86.Build.0 = Release|Win32
		{BFD0FBC3-4EA7-424B-BE06-9A4ECFC16D87}.Debug|Any CPU.ActiveCfg = Debug|Any CPU
		{BFD0FBC3-4EA7-424B-BE06-9A4ECFC16D87}.Debug|Any CPU.Build.0 = Debug|Any CPU
		{BFD0FBC3-4EA7-424B-BE06-9A4ECFC16D87}.Debug|x64.ActiveCfg = Debug|Any CPU
		{BFD0FBC3-4EA7-424B-BE06-9A4ECFC16D87}.Debug|x64.Build.0 = Debug|Any CPU
		{BFD0FBC3-4EA7-424B-BE06-9A4ECFC16D87}.Debug|x86.ActiveCfg = Debug|Any CPU
		{BFD0FBC3-4EA7-424B-BE06-9A4ECFC16D87}.Debug|x86.Build.0 = Debug|Any CPU
		{BFD0FBC3-4EA7-424B-BE06-9A4ECFC16D87}.Release|Any CPU.ActiveCfg = Release|Any CPU
		{BFD0FBC3-4EA7-424B-BE06-9A4ECFC16D87}.Release|Any CPU.Build.0 = Release|Any CPU
		{BFD0FBC3-4EA7-424B-BE06-9A4ECFC16D87}.Release|x64.ActiveCfg = Release|Any CPU
		{BFD0FBC3-4EA7-424B-BE06-9A4ECFC16D87}.Release|x64.Build.0 = Release|Any CPU
		{BFD0FBC3-4EA7-424B-BE06-9A4ECFC16D87}.Release|x86.ActiveCfg = Release|Any CPU
		{BFD0FBC3-4EA7-424B-BE06-9A4ECFC16D87}.Release|x86.Build.0 = Release|Any CPU
		{44EA1785-333B-42FD-9960-867EACE5AF09}.Debug|Any CPU.ActiveCfg = Debug|Any CPU
		{44EA1785-333B-42FD-9960-867EACE5AF09}.Debug|Any CPU.Build.0 = Debug|Any CPU
		{44EA1785-333B-42FD-9960-867EACE5AF09}.Debug|x64.ActiveCfg = Debug|Any CPU
		{44EA1785-333B-42FD-9960-867EACE5AF09}.Debug|x64.Build.0 = Debug|Any CPU
		{44EA1785-333B-42FD-9960-867EACE5AF09}.Debug|x86.ActiveCfg = Debug|Any CPU
		{44EA1785-333B-42FD-9960-867EACE5AF09}.Debug|x86.Build.0 = Debug|Any CPU
		{44EA1785-333B-42FD-9960-867EACE5AF09}.Release|Any CPU.ActiveCfg = Release|Any CPU
		{44EA1785-333B-42FD-9960-867EACE5AF09}.Release|Any CPU.Build.0 = Release|Any CPU
		{44EA1785-333B-42FD-9960-867EACE5AF09}.Release|x64.ActiveCfg = Release|Any CPU
		{44EA1785-333B-42FD-9960-867EACE5AF09}.Release|x64.Build.0 = Release|Any CPU
		{44EA1785-333B-42FD-9960-867EACE5AF09}.Release|x86.ActiveCfg = Release|Any CPU
		{44EA1785-333B-42FD-9960-867EACE5AF09}.Release|x86.Build.0 = Release|Any CPU
	EndGlobalSection
	GlobalSection(SolutionProperties) = preSolution
		HideSolutionNode = FALSE
	EndGlobalSection
	GlobalSection(NestedProjects) = preSolution
		{3BB28B82-6F2E-4F16-BA13-00CF0C4749DE} = {734F5E8D-93A6-4240-A2D9-8CCF958468EE}
		{E621EFB4-579C-4FB6-A40D-67F22E1A9756} = {3BB28B82-6F2E-4F16-BA13-00CF0C4749DE}
		{CC7BF3E8-C0E0-4265-8332-B294F8AB6B55} = {3BB28B82-6F2E-4F16-BA13-00CF0C4749DE}
	EndGlobalSection
	GlobalSection(ExtensibilityGlobals) = postSolution
		SolutionGuid = {C6CEF176-C2C4-474C-9884-75E744E4B22C}
	EndGlobalSection
EndGlobal
